
Microsoft Visual Studio Solution File, Format Version 12.00
# Visual Studio 15
VisualStudioVersion = 15.0.27130.2027
MinimumVisualStudioVersion = 10.0.40219.1
Project("{FAE04EC0-301F-11D3-BF4B-00C04F79EFBC}") = "TimeTracker", "TimeTracker\TimeTracker.csproj", "{B3561CFA-EB5B-4672-A7FF-1DAEBB1F0DA0}"
EndProject
Project("{930C7802-8A8C-48F9-8165-68863BCCD9DD}") = "TimeTracker.Setup", "TimeTracker.Setup\TimeTracker.Setup.wixproj", "{A6381389-A0CC-4AFD-82CE-24F95FEC3C0C}"
	ProjectSection(ProjectDependencies) = postProject
		{B3561CFA-EB5B-4672-A7FF-1DAEBB1F0DA0} = {B3561CFA-EB5B-4672-A7FF-1DAEBB1F0DA0}
	EndProjectSection
EndProject
Project("{FAE04EC0-301F-11D3-BF4B-00C04F79EFBC}") = "TimeTracker.Function", "TimeTracker.Function\TimeTracker.Function.csproj", "{C43BC38A-9BA9-4F04-A0EE-330B867F59B8}"
EndProject
Global
	GlobalSection(SolutionConfigurationPlatforms) = preSolution
		Debug|Any CPU = Debug|Any CPU
		Release|Any CPU = Release|Any CPU
	EndGlobalSection
	GlobalSection(ProjectConfigurationPlatforms) = postSolution
		{B3561CFA-EB5B-4672-A7FF-1DAEBB1F0DA0}.Debug|Any CPU.ActiveCfg = Debug|Any CPU
		{B3561CFA-EB5B-4672-A7FF-1DAEBB1F0DA0}.Debug|Any CPU.Build.0 = Debug|Any CPU
		{B3561CFA-EB5B-4672-A7FF-1DAEBB1F0DA0}.Release|Any CPU.ActiveCfg = Release|Any CPU
		{B3561CFA-EB5B-4672-A7FF-1DAEBB1F0DA0}.Release|Any CPU.Build.0 = Release|Any CPU
		{A6381389-A0CC-4AFD-82CE-24F95FEC3C0C}.Debug|Any CPU.ActiveCfg = Debug|x64
		{A6381389-A0CC-4AFD-82CE-24F95FEC3C0C}.Debug|Any CPU.Build.0 = Debug|x64
		{A6381389-A0CC-4AFD-82CE-24F95FEC3C0C}.Release|Any CPU.ActiveCfg = Release|x86
		{A6381389-A0CC-4AFD-82CE-24F95FEC3C0C}.Release|Any CPU.Build.0 = Release|x86
		{C43BC38A-9BA9-4F04-A0EE-330B867F59B8}.Debug|Any CPU.ActiveCfg = Debug|Any CPU
		{C43BC38A-9BA9-4F04-A0EE-330B867F59B8}.Debug|Any CPU.Build.0 = Debug|Any CPU
		{C43BC38A-9BA9-4F04-A0EE-330B867F59B8}.Release|Any CPU.ActiveCfg = Release|Any CPU
		{C43BC38A-9BA9-4F04-A0EE-330B867F59B8}.Release|Any CPU.Build.0 = Release|Any CPU
	EndGlobalSection
	GlobalSection(SolutionProperties) = preSolution
		HideSolutionNode = FALSE
	EndGlobalSection
	GlobalSection(ExtensibilityGlobals) = postSolution
		SolutionGuid = {DBF91CB9-F922-4DD9-BED2-203C246BFCFE}
	EndGlobalSection
EndGlobal
